{
	"name": "@blitzar/form",
	"version": "0.0.8",
	"lockfileVersion": 1,
	"requires": true,
	"dependencies": {
		"case-anything": {
			"version": "1.1.2",
			"resolved": "https://registry.npmjs.org/case-anything/-/case-anything-1.1.2.tgz",
			"integrity": "sha512-rPRbQJ5amW9wKZTlRHErLBZwWr4mWO6WhTkrlLp0XdI/i4JrhLv2wahg5jgmn5Rm2fOUjlmMz6DUH4mnUfWkow=="
		},
		"copy-anything": {
			"version": "2.0.1",
			"resolved": "https://registry.npmjs.org/copy-anything/-/copy-anything-2.0.1.tgz",
			"integrity": "sha512-lA57e7viQHOdPQcrytv5jFeudZZOXuyk47lZym279FiDQ8jeZomXiGuVf6ffMKkJ+3TIai3J1J3yi6M+/4U35g==",
			"requires": {
				"is-what": "^3.7.1"
			}
		},
		"filter-anything": {
			"version": "2.1.7",
			"resolved": "https://registry.npmjs.org/filter-anything/-/filter-anything-2.1.7.tgz",
			"integrity": "sha512-DzV8vIsfqDE5WpB4+KKnLamYq4jSQcazOFDKgd63mRyxhwGucErPmQj6fNwQxfDwyNrhVo6NglWoVVUewayQbA==",
			"requires": {
				"is-what": "^3.11.3",
				"ts-toolbelt": "8.0.7"
			}
		},
		"is-what": {
			"version": "3.11.3",
			"resolved": "https://registry.npmjs.org/is-what/-/is-what-3.11.3.tgz",
			"integrity": "sha512-RXPH5FLwJdBOUql8GAtl9SwpME59sRyO0K14wmBsyHkx830gtDt48nRFgN571Vf2jHkICZAuXKwrD3F5r/126g=="
		},
		"map-anything": {
			"version": "1.0.1",
			"resolved": "https://registry.npmjs.org/map-anything/-/map-anything-1.0.1.tgz",
			"integrity": "sha512-18mIcHQBVz9XpvvtunDzxX+qZmnEbXiuPWCev5FBKTb7F+jQFCKI9V+J5zw42EQvicz3Xly3o0s5w9He8oJQXQ=="
		},
		"merge-anything": {
			"version": "4.0.0",
			"resolved": "https://registry.npmjs.org/merge-anything/-/merge-anything-4.0.0.tgz",
			"integrity": "sha512-mTRT1Zna+vMJZasYCNSYmXGqr0mnIi/8pfiRWQ8QlH08qVBu51q1FwiUGabz7VkVhLSHIOWEPA7s0DM3ykLUQw==",
			"requires": {
				"is-what": "^3.11.3",
				"ts-toolbelt": "^8.0.7"
			}
		},
		"nestify-anything": {
			"version": "1.0.3",
			"resolved": "https://registry.npmjs.org/nestify-anything/-/nestify-anything-1.0.3.tgz",
			"integrity": "sha512-1guk1HvrUYzURj41FGhEVpeSmeZpeyovjptyAhWk1/mHyZwB9lWAgYA05LKn18GmVxkSiPSn4yGfWy+UXtr3sQ==",
			"requires": {
				"merge-anything": "^4.0.0"
			},
			"dependencies": {
				"merge-anything": {
					"version": "4.0.0",
					"resolved": "https://registry.npmjs.org/merge-anything/-/merge-anything-4.0.0.tgz",
					"integrity": "sha512-mTRT1Zna+vMJZasYCNSYmXGqr0mnIi/8pfiRWQ8QlH08qVBu51q1FwiUGabz7VkVhLSHIOWEPA7s0DM3ykLUQw==",
					"requires": {
						"is-what": "^3.11.3",
						"ts-toolbelt": "^8.0.7"
					}
				}
			}
		},
		"quasar": {
			"version": "1.14.3",
			"resolved": "https://registry.npmjs.org/quasar/-/quasar-1.14.3.tgz",
			"integrity": "sha512-0baTygeaRhrOK9e+mtc32i6+xOnPKXaplgELJJdGWeoQBCwwfUX0tah0fgUmrdOEft3XmwhYW0a9yv/TAPUz7A=="
		},
		"snarkdown": {
			"version": "2.0.0",
			"resolved": "https://registry.npmjs.org/snarkdown/-/snarkdown-2.0.0.tgz",
			"integrity": "sha512-MgL/7k/AZdXCTJiNgrO7chgDqaB9FGM/1Tvlcenenb7div6obaDATzs16JhFyHHBGodHT3B7RzRc5qk8pFhg3A=="
		},
		"ts-toolbelt": {
			"version": "8.0.7",
			"resolved": "https://registry.npmjs.org/ts-toolbelt/-/ts-toolbelt-8.0.7.tgz",
			"integrity": "sha512-KICHyKxc5Nu34kyoODrEe2+zvuQQaubTJz7pnC5RQ19TH/Jged1xv+h8LBrouaSD310m75oAljYs59LNHkLDkQ=="
		}
	}
}
