{
	"name": "@blitzar/form",
	"version": "0.0.6",
	"lockfileVersion": 1,
	"requires": true,
	"dependencies": {
		"case-anything": {
			"version": "1.1.2",
			"resolved": "https://registry.npmjs.org/case-anything/-/case-anything-1.1.2.tgz",
			"integrity": "sha512-rPRbQJ5amW9wKZTlRHErLBZwWr4mWO6WhTkrlLp0XdI/i4JrhLv2wahg5jgmn5Rm2fOUjlmMz6DUH4mnUfWkow=="
		},
		"copy-anything": {
			"version": "2.0.1",
			"resolved": "https://registry.npmjs.org/copy-anything/-/copy-anything-2.0.1.tgz",
			"integrity": "sha512-lA57e7viQHOdPQcrytv5jFeudZZOXuyk47lZym279FiDQ8jeZomXiGuVf6ffMKkJ+3TIai3J1J3yi6M+/4U35g==",
			"requires": {
				"is-what": "^3.7.1"
			}
		},
		"filter-anything": {
			"version": "2.1.6",
			"resolved": "https://registry.npmjs.org/filter-anything/-/filter-anything-2.1.6.tgz",
			"integrity": "sha512-Ysy1X7hjg9mAf5WMosxCzd61kVhO8jzaXHaJD7rodnHwJ/77qx3kD8KCWNlVtM9damszeOlpqUTEQpJpoF0xpw==",
			"requires": {
				"is-what": "^3.11.2",
				"ts-toolbelt": "8.0.7"
			},
			"dependencies": {
				"ts-toolbelt": {
					"version": "8.0.7",
					"resolved": "https://registry.npmjs.org/ts-toolbelt/-/ts-toolbelt-8.0.7.tgz",
					"integrity": "sha512-KICHyKxc5Nu34kyoODrEe2+zvuQQaubTJz7pnC5RQ19TH/Jged1xv+h8LBrouaSD310m75oAljYs59LNHkLDkQ=="
				}
			}
		},
		"is-what": {
			"version": "3.11.2",
			"resolved": "https://registry.npmjs.org/is-what/-/is-what-3.11.2.tgz",
			"integrity": "sha512-m7LzBsC9TqUhkBrozSmmWfVO7VYnjk9UHu0U+Y8BiJRnc1TYIK/3Qv4DteuiBpn2S4K7n3N4WNC4pe6wEx2xYg=="
		},
		"map-anything": {
			"version": "1.0.0",
			"resolved": "https://registry.npmjs.org/map-anything/-/map-anything-1.0.0.tgz",
			"integrity": "sha512-XDPVkIwzaMFs1hvhx8SdsjGLM5Si2VtdKREtAoW1S+H6FZkLYFJ7giHT+hEA6OFoe0y3Zq7v+dhSpEsPI7OR5Q=="
		},
		"merge-anything": {
			"version": "3.0.6",
			"resolved": "https://registry.npmjs.org/merge-anything/-/merge-anything-3.0.6.tgz",
			"integrity": "sha512-99R1BLqTsYxxQZFsWti71NWawIrP2zgRaJwxARpEZI7XV92PUih6ISgjMaZZwcGzsnAeu1eUwRSli/ec/O3Fug==",
			"requires": {
				"is-what": "^3.11.2",
				"ts-toolbelt": "^8.0.6"
			}
		},
		"nestify-anything": {
			"version": "1.0.2",
			"resolved": "https://registry.npmjs.org/nestify-anything/-/nestify-anything-1.0.2.tgz",
			"integrity": "sha512-eO1/HmgTwwJkZdFq2HEszuX/wUpPZ4ACbDzfg1oicVQW8tgM3gpb5dTOVWtpa0/JILAoSGJkIYqy+Hh9dsnztg==",
			"requires": {
				"merge-anything": "^3.0.6"
			}
		},
		"quasar": {
			"version": "1.14.2",
			"resolved": "https://registry.npmjs.org/quasar/-/quasar-1.14.2.tgz",
			"integrity": "sha512-1YbIKTZpuIeDHcBrUFaPjU9Tdy9c7r3XcLCIquwtKFbp/A+dPDJdB9ZqGGdFMEOMYt0vfVnDosMgmh4e7rNaWw=="
		},
		"snarkdown": {
			"version": "2.0.0",
			"resolved": "https://registry.npmjs.org/snarkdown/-/snarkdown-2.0.0.tgz",
			"integrity": "sha512-MgL/7k/AZdXCTJiNgrO7chgDqaB9FGM/1Tvlcenenb7div6obaDATzs16JhFyHHBGodHT3B7RzRc5qk8pFhg3A=="
		},
		"ts-toolbelt": {
			"version": "8.0.6",
			"resolved": "https://registry.npmjs.org/ts-toolbelt/-/ts-toolbelt-8.0.6.tgz",
			"integrity": "sha512-yfWBnQN2NVuNb/T3+RkbfdJiTAIJE8Hgft0L5H9zW7v+Be7sH1D1p8ReUUZt64/BiVw4Vjsbhcx294NBhj2PqA=="
		}
	}
}
