{
  "name": "@blitzar/form",
  "version": "1.0.2",
  "lockfileVersion": 2,
  "requires": true,
  "packages": {
    "": {
      "name": "@blitzar/form",
      "version": "1.0.2",
      "license": "MIT",
      "dependencies": {
        "@blitzar/utils": "^0.0.33",
        "case-anything": "^1.1.3",
        "copy-anything": "^2.0.3",
        "filter-anything": "^2.2.1",
        "is-what": "^3.14.1",
        "map-anything": "^1.0.4",
        "merge-anything": "^4.0.1",
        "nestify-anything": "^1.0.3",
        "snarkdown": "^2.0.0"
      }
    },
    "node_modules/@blitzar/utils": {
      "version": "0.0.33",
      "resolved": "https://registry.npmjs.org/@blitzar/utils/-/utils-0.0.33.tgz",
      "integrity": "sha512-RNLq85Epg53xxCrY8AnQmwxtK8ULjoxU3Kty3GrZSZcSOhpspoazfSnUUCCBlnOOBiEDvhACU54x2a+9aZKUAw==",
      "dependencies": {
        "commafy-anything": "^2.1.0",
        "flatten-anything": "^2.0.4",
        "is-what": "^3.14.1"
      }
    },
    "node_modules/case-anything": {
      "version": "1.1.3",
      "resolved": "https://registry.npmjs.org/case-anything/-/case-anything-1.1.3.tgz",
      "integrity": "sha512-DJLmEwc1dsFQNzTFgfmNcSOJB1SY0/feYjQIbaRJNBve8GuMt22W/GRwrcPtqOsls6tDPTkCwhWKVKgogmwsfw=="
    },
    "node_modules/commafy-anything": {
      "version": "2.1.0",
      "resolved": "https://registry.npmjs.org/commafy-anything/-/commafy-anything-2.1.0.tgz",
      "integrity": "sha512-CDAcYXx1wWMfzkiIymy98zCTHZ31ZfIYpHvzdjZtrbX2qGwT+4aaDBjG3H2rlrq7OgNJfgIIEqt6YsMd9ewTvQ=="
    },
    "node_modules/copy-anything": {
      "version": "2.0.3",
      "resolved": "https://registry.npmjs.org/copy-anything/-/copy-anything-2.0.3.tgz",
      "integrity": "sha512-GK6QUtisv4fNS+XcI7shX0Gx9ORg7QqIznyfho79JTnX1XhLiyZHfftvGiziqzRiEi/Bjhgpi+D2o7HxJFPnDQ==",
      "dependencies": {
        "is-what": "^3.12.0"
      }
    },
    "node_modules/filter-anything": {
      "version": "2.2.1",
      "resolved": "https://registry.npmjs.org/filter-anything/-/filter-anything-2.2.1.tgz",
      "integrity": "sha512-x4LrdHQP7cqKo1ji4RIcUEUqHn4WmTXl9XFBLs+Qwjnmc2aQeJgOSYqTCDpxrcRbdeYBAGBMKXJzaXntfQqs+w==",
      "dependencies": {
        "is-what": "^3.14.1",
        "ts-toolbelt": "^9.5.10"
      }
    },
    "node_modules/flatten-anything": {
      "version": "2.0.4",
      "resolved": "https://registry.npmjs.org/flatten-anything/-/flatten-anything-2.0.4.tgz",
      "integrity": "sha512-ScR7YsW3GsFZ5JspJmhV+mWp9jHFQYwJzYnWzNmu1D++XVrD02ttmn1eF76ZzrdoP+8T2vdlw9Ep+68JpoOM2w==",
      "dependencies": {
        "filter-anything": "^2.1.7",
        "is-what": "^3.11.3"
      }
    },
    "node_modules/is-what": {
      "version": "3.14.1",
      "resolved": "https://registry.npmjs.org/is-what/-/is-what-3.14.1.tgz",
      "integrity": "sha512-sNxgpk9793nzSs7bA6JQJGeIuRBQhAaNGG77kzYQgMkrID+lS6SlK07K5LaptscDlSaIgH+GPFzf+d75FVxozA=="
    },
    "node_modules/map-anything": {
      "version": "1.0.4",
      "resolved": "https://registry.npmjs.org/map-anything/-/map-anything-1.0.4.tgz",
      "integrity": "sha512-1syghOHjauGHiaHeDYKGhaAPzM9nYK5XUdxQRVExjPzXc9OjxOyjWJkaWIN6MyY3D8nLIecUYM/EvI/EhKDf3w=="
    },
    "node_modules/merge-anything": {
      "version": "4.0.2",
      "resolved": "https://registry.npmjs.org/merge-anything/-/merge-anything-4.0.2.tgz",
      "integrity": "sha512-YxLHKgX8jN5xfKIxcwVNzQ2HpS0r9eUSqifgGhVARoZEW31Jwu95OQzX7qlFPBPQdCmNBhCYaqJzOcwAKi2Elg==",
      "dependencies": {
        "is-what": "^3.14.1",
        "ts-toolbelt": "^9.6.0"
      }
    },
    "node_modules/nestify-anything": {
      "version": "1.0.3",
      "resolved": "https://registry.npmjs.org/nestify-anything/-/nestify-anything-1.0.3.tgz",
      "integrity": "sha512-1guk1HvrUYzURj41FGhEVpeSmeZpeyovjptyAhWk1/mHyZwB9lWAgYA05LKn18GmVxkSiPSn4yGfWy+UXtr3sQ==",
      "dependencies": {
        "merge-anything": "^4.0.0"
      }
    },
    "node_modules/snarkdown": {
      "version": "2.0.0",
      "resolved": "https://registry.npmjs.org/snarkdown/-/snarkdown-2.0.0.tgz",
      "integrity": "sha512-MgL/7k/AZdXCTJiNgrO7chgDqaB9FGM/1Tvlcenenb7div6obaDATzs16JhFyHHBGodHT3B7RzRc5qk8pFhg3A=="
    },
    "node_modules/ts-toolbelt": {
      "version": "9.6.0",
      "resolved": "https://registry.npmjs.org/ts-toolbelt/-/ts-toolbelt-9.6.0.tgz",
      "integrity": "sha512-nsZd8ZeNUzukXPlJmTBwUAuABDe/9qtVDelJeT/qW0ow3ZS3BsQJtNkan1802aM9Uf68/Y8ljw86Hu0h5IUW3w=="
    }
  },
  "dependencies": {
    "@blitzar/utils": {
      "version": "0.0.33",
      "resolved": "https://registry.npmjs.org/@blitzar/utils/-/utils-0.0.33.tgz",
      "integrity": "sha512-RNLq85Epg53xxCrY8AnQmwxtK8ULjoxU3Kty3GrZSZcSOhpspoazfSnUUCCBlnOOBiEDvhACU54x2a+9aZKUAw==",
      "requires": {
        "commafy-anything": "^2.1.0",
        "flatten-anything": "^2.0.4",
        "is-what": "^3.14.1"
      }
    },
    "case-anything": {
      "version": "1.1.3",
      "resolved": "https://registry.npmjs.org/case-anything/-/case-anything-1.1.3.tgz",
      "integrity": "sha512-DJLmEwc1dsFQNzTFgfmNcSOJB1SY0/feYjQIbaRJNBve8GuMt22W/GRwrcPtqOsls6tDPTkCwhWKVKgogmwsfw=="
    },
    "commafy-anything": {
      "version": "2.1.0",
      "resolved": "https://registry.npmjs.org/commafy-anything/-/commafy-anything-2.1.0.tgz",
      "integrity": "sha512-CDAcYXx1wWMfzkiIymy98zCTHZ31ZfIYpHvzdjZtrbX2qGwT+4aaDBjG3H2rlrq7OgNJfgIIEqt6YsMd9ewTvQ=="
    },
    "copy-anything": {
      "version": "2.0.3",
      "resolved": "https://registry.npmjs.org/copy-anything/-/copy-anything-2.0.3.tgz",
      "integrity": "sha512-GK6QUtisv4fNS+XcI7shX0Gx9ORg7QqIznyfho79JTnX1XhLiyZHfftvGiziqzRiEi/Bjhgpi+D2o7HxJFPnDQ==",
      "requires": {
        "is-what": "^3.12.0"
      }
    },
    "filter-anything": {
      "version": "2.2.1",
      "resolved": "https://registry.npmjs.org/filter-anything/-/filter-anything-2.2.1.tgz",
      "integrity": "sha512-x4LrdHQP7cqKo1ji4RIcUEUqHn4WmTXl9XFBLs+Qwjnmc2aQeJgOSYqTCDpxrcRbdeYBAGBMKXJzaXntfQqs+w==",
      "requires": {
        "is-what": "^3.14.1",
        "ts-toolbelt": "^9.5.10"
      }
    },
    "flatten-anything": {
      "version": "2.0.4",
      "resolved": "https://registry.npmjs.org/flatten-anything/-/flatten-anything-2.0.4.tgz",
      "integrity": "sha512-ScR7YsW3GsFZ5JspJmhV+mWp9jHFQYwJzYnWzNmu1D++XVrD02ttmn1eF76ZzrdoP+8T2vdlw9Ep+68JpoOM2w==",
      "requires": {
        "filter-anything": "^2.1.7",
        "is-what": "^3.11.3"
      }
    },
    "is-what": {
      "version": "3.14.1",
      "resolved": "https://registry.npmjs.org/is-what/-/is-what-3.14.1.tgz",
      "integrity": "sha512-sNxgpk9793nzSs7bA6JQJGeIuRBQhAaNGG77kzYQgMkrID+lS6SlK07K5LaptscDlSaIgH+GPFzf+d75FVxozA=="
    },
    "map-anything": {
      "version": "1.0.4",
      "resolved": "https://registry.npmjs.org/map-anything/-/map-anything-1.0.4.tgz",
      "integrity": "sha512-1syghOHjauGHiaHeDYKGhaAPzM9nYK5XUdxQRVExjPzXc9OjxOyjWJkaWIN6MyY3D8nLIecUYM/EvI/EhKDf3w=="
    },
    "merge-anything": {
      "version": "4.0.2",
      "resolved": "https://registry.npmjs.org/merge-anything/-/merge-anything-4.0.2.tgz",
      "integrity": "sha512-YxLHKgX8jN5xfKIxcwVNzQ2HpS0r9eUSqifgGhVARoZEW31Jwu95OQzX7qlFPBPQdCmNBhCYaqJzOcwAKi2Elg==",
      "requires": {
        "is-what": "^3.14.1",
        "ts-toolbelt": "^9.6.0"
      }
    },
    "nestify-anything": {
      "version": "1.0.3",
      "resolved": "https://registry.npmjs.org/nestify-anything/-/nestify-anything-1.0.3.tgz",
      "integrity": "sha512-1guk1HvrUYzURj41FGhEVpeSmeZpeyovjptyAhWk1/mHyZwB9lWAgYA05LKn18GmVxkSiPSn4yGfWy+UXtr3sQ==",
      "requires": {
        "merge-anything": "^4.0.0"
      }
    },
    "snarkdown": {
      "version": "2.0.0",
      "resolved": "https://registry.npmjs.org/snarkdown/-/snarkdown-2.0.0.tgz",
      "integrity": "sha512-MgL/7k/AZdXCTJiNgrO7chgDqaB9FGM/1Tvlcenenb7div6obaDATzs16JhFyHHBGodHT3B7RzRc5qk8pFhg3A=="
    },
    "ts-toolbelt": {
      "version": "9.6.0",
      "resolved": "https://registry.npmjs.org/ts-toolbelt/-/ts-toolbelt-9.6.0.tgz",
      "integrity": "sha512-nsZd8ZeNUzukXPlJmTBwUAuABDe/9qtVDelJeT/qW0ow3ZS3BsQJtNkan1802aM9Uf68/Y8ljw86Hu0h5IUW3w=="
    }
  }
}
