{
	"name": "@blitzar/table",
	"version": "0.0.13",
	"lockfileVersion": 2,
	"requires": true,
	"packages": {
		"": {
			"name": "@blitzar/table",
			"version": "0.0.13",
			"license": "MIT",
			"dependencies": {
				"is-what": "^3.12.0",
				"merge-anything": "^4.0.0",
				"path-to-prop": "^1.0.0",
				"quasar": "^1.14.7"
			}
		},
		"node_modules/is-what": {
			"version": "3.12.0",
			"resolved": "https://registry.npmjs.org/is-what/-/is-what-3.12.0.tgz",
			"integrity": "sha512-2ilQz5/f/o9V7WRWJQmpFYNmQFZ9iM+OXRonZKcYgTkCzjb949Vi4h282PD1UfmgHk666rcWonbRJ++KI41VGw=="
		},
		"node_modules/merge-anything": {
			"version": "4.0.0",
			"resolved": "https://registry.npmjs.org/merge-anything/-/merge-anything-4.0.0.tgz",
			"integrity": "sha512-mTRT1Zna+vMJZasYCNSYmXGqr0mnIi/8pfiRWQ8QlH08qVBu51q1FwiUGabz7VkVhLSHIOWEPA7s0DM3ykLUQw==",
			"dependencies": {
				"is-what": "^3.11.3",
				"ts-toolbelt": "^8.0.7"
			}
		},
		"node_modules/path-to-prop": {
			"version": "1.0.0",
			"resolved": "https://registry.npmjs.org/path-to-prop/-/path-to-prop-1.0.0.tgz",
			"integrity": "sha512-iZMpEadLcydaq6OxyftMKbXzjOIi3xff0V1xNZd6coh1OA1mG6yp0aFjMuA2YqDeaH5u/7DGMoscy5vlswyAoA=="
		},
		"node_modules/quasar": {
			"version": "1.14.7",
			"resolved": "https://registry.npmjs.org/quasar/-/quasar-1.14.7.tgz",
			"integrity": "sha512-AP++F9xNEmzdK4zEjYBgEF0lifg3LBIrE24weUyQqS/jNQ22YT1cGyqDzWrfScaGLmRdm27R6eWLsbT4Qnh3Pg==",
			"engines": {
				"node": ">= 10.0.0",
				"npm": ">= 5.6.0",
				"yarn": ">= 1.6.0"
			},
			"funding": {
				"type": "github",
				"url": "https://donate.quasar.dev"
			}
		},
		"node_modules/ts-toolbelt": {
			"version": "8.0.7",
			"resolved": "https://registry.npmjs.org/ts-toolbelt/-/ts-toolbelt-8.0.7.tgz",
			"integrity": "sha512-KICHyKxc5Nu34kyoODrEe2+zvuQQaubTJz7pnC5RQ19TH/Jged1xv+h8LBrouaSD310m75oAljYs59LNHkLDkQ=="
		}
	},
	"dependencies": {
		"is-what": {
			"version": "3.12.0",
			"resolved": "https://registry.npmjs.org/is-what/-/is-what-3.12.0.tgz",
			"integrity": "sha512-2ilQz5/f/o9V7WRWJQmpFYNmQFZ9iM+OXRonZKcYgTkCzjb949Vi4h282PD1UfmgHk666rcWonbRJ++KI41VGw=="
		},
		"merge-anything": {
			"version": "4.0.0",
			"resolved": "https://registry.npmjs.org/merge-anything/-/merge-anything-4.0.0.tgz",
			"integrity": "sha512-mTRT1Zna+vMJZasYCNSYmXGqr0mnIi/8pfiRWQ8QlH08qVBu51q1FwiUGabz7VkVhLSHIOWEPA7s0DM3ykLUQw==",
			"requires": {
				"is-what": "^3.11.3",
				"ts-toolbelt": "^8.0.7"
			}
		},
		"path-to-prop": {
			"version": "1.0.0",
			"resolved": "https://registry.npmjs.org/path-to-prop/-/path-to-prop-1.0.0.tgz",
			"integrity": "sha512-iZMpEadLcydaq6OxyftMKbXzjOIi3xff0V1xNZd6coh1OA1mG6yp0aFjMuA2YqDeaH5u/7DGMoscy5vlswyAoA=="
		},
		"quasar": {
			"version": "1.14.7",
			"resolved": "https://registry.npmjs.org/quasar/-/quasar-1.14.7.tgz",
			"integrity": "sha512-AP++F9xNEmzdK4zEjYBgEF0lifg3LBIrE24weUyQqS/jNQ22YT1cGyqDzWrfScaGLmRdm27R6eWLsbT4Qnh3Pg=="
		},
		"ts-toolbelt": {
			"version": "8.0.7",
			"resolved": "https://registry.npmjs.org/ts-toolbelt/-/ts-toolbelt-8.0.7.tgz",
			"integrity": "sha512-KICHyKxc5Nu34kyoODrEe2+zvuQQaubTJz7pnC5RQ19TH/Jged1xv+h8LBrouaSD310m75oAljYs59LNHkLDkQ=="
		}
	}
}
