{
	"name": "blitzar",
	"version": "0.0.16",
	"lockfileVersion": 2,
	"requires": true,
	"packages": {
		"": {
			"version": "0.0.14",
			"license": "MIT",
			"dependencies": {
				"quasar": "^1.15.2"
			}
		},
		"node_modules/quasar": {
			"version": "1.15.2",
			"resolved": "https://registry.npmjs.org/quasar/-/quasar-1.15.2.tgz",
			"integrity": "sha512-1cbe4iNj6BaZ5BIXjRXnMrqyuOEwd2SoIyQQmRqZNxIlXd4B/4L9+IUgeYhc80x8JvkKivNTogH6ltcMghDvUw==",
			"engines": {
				"node": ">= 10.0.0",
				"npm": ">= 5.6.0",
				"yarn": ">= 1.6.0"
			},
			"funding": {
				"type": "github",
				"url": "https://donate.quasar.dev"
			}
		}
	},
	"dependencies": {
		"quasar": {
			"version": "1.15.2",
			"resolved": "https://registry.npmjs.org/quasar/-/quasar-1.15.2.tgz",
			"integrity": "sha512-1cbe4iNj6BaZ5BIXjRXnMrqyuOEwd2SoIyQQmRqZNxIlXd4B/4L9+IUgeYhc80x8JvkKivNTogH6ltcMghDvUw=="
		}
	}
}
