{
	"name": "@blitzar/utils",
	"version": "0.0.9",
	"lockfileVersion": 1,
	"requires": true,
	"dependencies": {
		"commafy-anything": {
			"version": "2.0.0",
			"resolved": "https://registry.npmjs.org/commafy-anything/-/commafy-anything-2.0.0.tgz",
			"integrity": "sha512-0+sV82apQEv6mbNgEyfLmuVbSW+bBvG9ZUpCDkGJEIetpWPj14SH9CS2ArHP5gFm1OYKY8gcPN82WiToUJ3kfA=="
		},
		"filter-anything": {
			"version": "2.1.7",
			"resolved": "https://registry.npmjs.org/filter-anything/-/filter-anything-2.1.7.tgz",
			"integrity": "sha512-DzV8vIsfqDE5WpB4+KKnLamYq4jSQcazOFDKgd63mRyxhwGucErPmQj6fNwQxfDwyNrhVo6NglWoVVUewayQbA==",
			"requires": {
				"is-what": "^3.11.3",
				"ts-toolbelt": "8.0.7"
			}
		},
		"flatten-anything": {
			"version": "2.0.4",
			"resolved": "https://registry.npmjs.org/flatten-anything/-/flatten-anything-2.0.4.tgz",
			"integrity": "sha512-ScR7YsW3GsFZ5JspJmhV+mWp9jHFQYwJzYnWzNmu1D++XVrD02ttmn1eF76ZzrdoP+8T2vdlw9Ep+68JpoOM2w==",
			"requires": {
				"filter-anything": "^2.1.7",
				"is-what": "^3.11.3"
			}
		},
		"is-what": {
			"version": "3.11.3",
			"resolved": "https://registry.npmjs.org/is-what/-/is-what-3.11.3.tgz",
			"integrity": "sha512-RXPH5FLwJdBOUql8GAtl9SwpME59sRyO0K14wmBsyHkx830gtDt48nRFgN571Vf2jHkICZAuXKwrD3F5r/126g=="
		},
		"ts-toolbelt": {
			"version": "8.0.7",
			"resolved": "https://registry.npmjs.org/ts-toolbelt/-/ts-toolbelt-8.0.7.tgz",
			"integrity": "sha512-KICHyKxc5Nu34kyoODrEe2+zvuQQaubTJz7pnC5RQ19TH/Jged1xv+h8LBrouaSD310m75oAljYs59LNHkLDkQ=="
		}
	}
}
