{
	"name": "@blitzar/utils",
	"version": "0.0.0-beta.4",
	"lockfileVersion": 1,
	"requires": true,
	"dependencies": {
		"commafy-anything": {
			"version": "1.1.3",
			"resolved": "https://registry.npmjs.org/commafy-anything/-/commafy-anything-1.1.3.tgz",
			"integrity": "sha512-bDSOvZwh7wQmeqQ/0kzXLeBou/9HKnzJZyEc6gGRBvUn4oLhCdmI3bQ4un82F9xr4lSI5VRjrx0bsLAVimh5xg=="
		},
		"filter-anything": {
			"version": "2.1.5",
			"resolved": "https://registry.npmjs.org/filter-anything/-/filter-anything-2.1.5.tgz",
			"integrity": "sha512-YjdzZe7yW52M+2fu1MY5Y59RX1qG/vdfZL6nxTFCtKCVwnMxQ6vnnuuebWba5o1eRwaf4Nj9d4xuEsc27FhVqQ==",
			"requires": {
				"is-what": "^3.11.2",
				"ts-toolbelt": "8.0.6"
			}
		},
		"flatten-anything": {
			"version": "2.0.3",
			"resolved": "https://registry.npmjs.org/flatten-anything/-/flatten-anything-2.0.3.tgz",
			"integrity": "sha512-y+C0k3aLq2kfBhNzXSe7rpZ2rdjfH/YJs2duq6ANGEJfOKpAj38wghhupbkLYaNks4LC7kM0uS/a/g9tBl+TnQ==",
			"requires": {
				"filter-anything": "^2.1.5",
				"is-what": "^3.11.2"
			}
		},
		"is-what": {
			"version": "3.11.2",
			"resolved": "https://registry.npmjs.org/is-what/-/is-what-3.11.2.tgz",
			"integrity": "sha512-m7LzBsC9TqUhkBrozSmmWfVO7VYnjk9UHu0U+Y8BiJRnc1TYIK/3Qv4DteuiBpn2S4K7n3N4WNC4pe6wEx2xYg=="
		},
		"ts-toolbelt": {
			"version": "8.0.6",
			"resolved": "https://registry.npmjs.org/ts-toolbelt/-/ts-toolbelt-8.0.6.tgz",
			"integrity": "sha512-yfWBnQN2NVuNb/T3+RkbfdJiTAIJE8Hgft0L5H9zW7v+Be7sH1D1p8ReUUZt64/BiVw4Vjsbhcx294NBhj2PqA=="
		}
	}
}
