{
	"name": "@blitzar/utils",
	"version": "0.0.15",
	"lockfileVersion": 2,
	"requires": true,
	"packages": {
		"": {
			"name": "@blitzar/utils",
			"version": "0.0.13",
			"license": "MIT",
			"dependencies": {
				"commafy-anything": "^2.1.0",
				"flatten-anything": "^2.0.4",
				"is-what": "^3.12.0"
			}
		},
		"node_modules/commafy-anything": {
			"version": "2.1.0",
			"resolved": "https://registry.npmjs.org/commafy-anything/-/commafy-anything-2.1.0.tgz",
			"integrity": "sha512-CDAcYXx1wWMfzkiIymy98zCTHZ31ZfIYpHvzdjZtrbX2qGwT+4aaDBjG3H2rlrq7OgNJfgIIEqt6YsMd9ewTvQ=="
		},
		"node_modules/filter-anything": {
			"version": "2.1.7",
			"resolved": "https://registry.npmjs.org/filter-anything/-/filter-anything-2.1.7.tgz",
			"integrity": "sha512-DzV8vIsfqDE5WpB4+KKnLamYq4jSQcazOFDKgd63mRyxhwGucErPmQj6fNwQxfDwyNrhVo6NglWoVVUewayQbA==",
			"dependencies": {
				"is-what": "^3.11.3",
				"ts-toolbelt": "8.0.7"
			}
		},
		"node_modules/flatten-anything": {
			"version": "2.0.4",
			"resolved": "https://registry.npmjs.org/flatten-anything/-/flatten-anything-2.0.4.tgz",
			"integrity": "sha512-ScR7YsW3GsFZ5JspJmhV+mWp9jHFQYwJzYnWzNmu1D++XVrD02ttmn1eF76ZzrdoP+8T2vdlw9Ep+68JpoOM2w==",
			"dependencies": {
				"filter-anything": "^2.1.7",
				"is-what": "^3.11.3"
			}
		},
		"node_modules/is-what": {
			"version": "3.12.0",
			"resolved": "https://registry.npmjs.org/is-what/-/is-what-3.12.0.tgz",
			"integrity": "sha512-2ilQz5/f/o9V7WRWJQmpFYNmQFZ9iM+OXRonZKcYgTkCzjb949Vi4h282PD1UfmgHk666rcWonbRJ++KI41VGw=="
		},
		"node_modules/ts-toolbelt": {
			"version": "8.0.7",
			"resolved": "https://registry.npmjs.org/ts-toolbelt/-/ts-toolbelt-8.0.7.tgz",
			"integrity": "sha512-KICHyKxc5Nu34kyoODrEe2+zvuQQaubTJz7pnC5RQ19TH/Jged1xv+h8LBrouaSD310m75oAljYs59LNHkLDkQ=="
		}
	},
	"dependencies": {
		"commafy-anything": {
			"version": "2.1.0",
			"resolved": "https://registry.npmjs.org/commafy-anything/-/commafy-anything-2.1.0.tgz",
			"integrity": "sha512-CDAcYXx1wWMfzkiIymy98zCTHZ31ZfIYpHvzdjZtrbX2qGwT+4aaDBjG3H2rlrq7OgNJfgIIEqt6YsMd9ewTvQ=="
		},
		"filter-anything": {
			"version": "2.1.7",
			"resolved": "https://registry.npmjs.org/filter-anything/-/filter-anything-2.1.7.tgz",
			"integrity": "sha512-DzV8vIsfqDE5WpB4+KKnLamYq4jSQcazOFDKgd63mRyxhwGucErPmQj6fNwQxfDwyNrhVo6NglWoVVUewayQbA==",
			"requires": {
				"is-what": "^3.11.3",
				"ts-toolbelt": "8.0.7"
			}
		},
		"flatten-anything": {
			"version": "2.0.4",
			"resolved": "https://registry.npmjs.org/flatten-anything/-/flatten-anything-2.0.4.tgz",
			"integrity": "sha512-ScR7YsW3GsFZ5JspJmhV+mWp9jHFQYwJzYnWzNmu1D++XVrD02ttmn1eF76ZzrdoP+8T2vdlw9Ep+68JpoOM2w==",
			"requires": {
				"filter-anything": "^2.1.7",
				"is-what": "^3.11.3"
			}
		},
		"is-what": {
			"version": "3.12.0",
			"resolved": "https://registry.npmjs.org/is-what/-/is-what-3.12.0.tgz",
			"integrity": "sha512-2ilQz5/f/o9V7WRWJQmpFYNmQFZ9iM+OXRonZKcYgTkCzjb949Vi4h282PD1UfmgHk666rcWonbRJ++KI41VGw=="
		},
		"ts-toolbelt": {
			"version": "8.0.7",
			"resolved": "https://registry.npmjs.org/ts-toolbelt/-/ts-toolbelt-8.0.7.tgz",
			"integrity": "sha512-KICHyKxc5Nu34kyoODrEe2+zvuQQaubTJz7pnC5RQ19TH/Jged1xv+h8LBrouaSD310m75oAljYs59LNHkLDkQ=="
		}
	}
}
